// !$*UTF8*$!
{
	archiveVersion = 1;
	classes = {
	};
	objectVersion = 56;
	objects = {

/* Begin PBXBuildFile section */
		EC23388A2C6FC90A00BEA0F8 /* AppDelegate.swift in Sources */ = {isa = PBXBuildFile; fileRef = EC2338892C6FC90A00BEA0F8 /* AppDelegate.swift */; };
		EC2338932C6FC90A00BEA0F8 /* Assets.xcassets in Resources */ = {isa = PBXBuildFile; fileRef = EC2338922C6FC90A00BEA0F8 /* Assets.xcassets */; };
		EC2338AB2C6FC90B00BEA0F8 /* pdfv_digio_ios_appUITests.swift in Sources */ = {isa = PBXBuildFile; fileRef = EC2338AA2C6FC90B00BEA0F8 /* pdfv_digio_ios_appUITests.swift */; };
		EC2338AD2C6FC90B00BEA0F8 /* pdfv_digio_ios_appUITestsLaunchTests.swift in Sources */ = {isa = PBXBuildFile; fileRef = EC2338AC2C6FC90B00BEA0F8 /* pdfv_digio_ios_appUITestsLaunchTests.swift */; };
		EC2338BF2C6FDF1B00BEA0F8 /* HomeViewController.swift in Sources */ = {isa = PBXBuildFile; fileRef = EC2338BE2C6FDF1B00BEA0F8 /* HomeViewController.swift */; };
		EC2338C32C6FE52D00BEA0F8 /* ViewCodable.swift in Sources */ = {isa = PBXBuildFile; fileRef = EC2338C22C6FE52D00BEA0F8 /* ViewCodable.swift */; };
		EC2338C62C6FE81700BEA0F8 /* HomeHeaderView.swift in Sources */ = {isa = PBXBuildFile; fileRef = EC2338C52C6FE81700BEA0F8 /* HomeHeaderView.swift */; };
		EC2338C82C6FEADE00BEA0F8 /* UIView+Constraints.swift in Sources */ = {isa = PBXBuildFile; fileRef = EC2338C72C6FEADE00BEA0F8 /* UIView+Constraints.swift */; };
		EC90ADD82C72AFFF00B3E728 /* HomeProductsView.swift in Sources */ = {isa = PBXBuildFile; fileRef = EC90ADD72C72AFFF00B3E728 /* HomeProductsView.swift */; };
		EC90ADDB2C72D65100B3E728 /* DetailViewController.swift in Sources */ = {isa = PBXBuildFile; fileRef = EC90ADDA2C72D65100B3E728 /* DetailViewController.swift */; };
		EC90ADDD2C73000A00B3E728 /* UIImageView+.swift in Sources */ = {isa = PBXBuildFile; fileRef = EC90ADDC2C73000A00B3E728 /* UIImageView+.swift */; };
		EC90ADDF2C73015800B3E728 /* BannerProtocol.swift in Sources */ = {isa = PBXBuildFile; fileRef = EC90ADDE2C73015800B3E728 /* BannerProtocol.swift */; };
		EC90ADE12C7301E800B3E728 /* HomePresenterTests.swift in Sources */ = {isa = PBXBuildFile; fileRef = EC90ADE02C7301E800B3E728 /* HomePresenterTests.swift */; };
		EC90ADE42C73024200B3E728 /* HomeServiceMock.swift in Sources */ = {isa = PBXBuildFile; fileRef = EC90ADE32C73024200B3E728 /* HomeServiceMock.swift */; };
		EC90ADE62C73032F00B3E728 /* HomeModel+.swift in Sources */ = {isa = PBXBuildFile; fileRef = EC90ADE52C73032F00B3E728 /* HomeModel+.swift */; };
		EC90ADE82C73039300B3E728 /* HomeProductsDTO+.swift in Sources */ = {isa = PBXBuildFile; fileRef = EC90ADE72C73039300B3E728 /* HomeProductsDTO+.swift */; };
		EC90ADEB2C73059800B3E728 /* HomeViewControllerMock.swift in Sources */ = {isa = PBXBuildFile; fileRef = EC90ADEA2C73059800B3E728 /* HomeViewControllerMock.swift */; };
		ECB1799F2C706AAB00DABCF7 /* HomeSpotlightCell.swift in Sources */ = {isa = PBXBuildFile; fileRef = ECB1799E2C706AAB00DABCF7 /* HomeSpotlightCell.swift */; };
		ECB179A12C718BC500DABCF7 /* HomeDigioCashView.swift in Sources */ = {isa = PBXBuildFile; fileRef = ECB179A02C718BC500DABCF7 /* HomeDigioCashView.swift */; };
		ECB179A32C71950600DABCF7 /* HomePresenter.swift in Sources */ = {isa = PBXBuildFile; fileRef = ECB179A22C71950600DABCF7 /* HomePresenter.swift */; };
		ECB179A52C71B2F400DABCF7 /* HomeService.swift in Sources */ = {isa = PBXBuildFile; fileRef = ECB179A42C71B2F400DABCF7 /* HomeService.swift */; };
		ECB179A92C71B3C600DABCF7 /* HomeProductsDTO.swift in Sources */ = {isa = PBXBuildFile; fileRef = ECB179A82C71B3C600DABCF7 /* HomeProductsDTO.swift */; };
		ECB179AE2C71B95B00DABCF7 /* LoadingViewController.swift in Sources */ = {isa = PBXBuildFile; fileRef = ECB179AD2C71B95A00DABCF7 /* LoadingViewController.swift */; };
		ECB179B72C71BDC300DABCF7 /* HomeModel.swift in Sources */ = {isa = PBXBuildFile; fileRef = ECB179B62C71BDC300DABCF7 /* HomeModel.swift */; };
		ECB179B92C71CA3200DABCF7 /* NetworkClient.swift in Sources */ = {isa = PBXBuildFile; fileRef = ECB179B82C71CA3200DABCF7 /* NetworkClient.swift */; };
		ECB179BD2C7294C800DABCF7 /* UIImage+.swift in Sources */ = {isa = PBXBuildFile; fileRef = ECB179BC2C7294C800DABCF7 /* UIImage+.swift */; };
		ECB179BF2C7299FE00DABCF7 /* HomeCollectionView.swift in Sources */ = {isa = PBXBuildFile; fileRef = ECB179BE2C7299FE00DABCF7 /* HomeCollectionView.swift */; };
		ECB179C22C729DCA00DABCF7 /* HomeProductsCell.swift in Sources */ = {isa = PBXBuildFile; fileRef = ECB179C12C729DCA00DABCF7 /* HomeProductsCell.swift */; };
		ECB179C42C72A97D00DABCF7 /* UIView+.swift in Sources */ = {isa = PBXBuildFile; fileRef = ECB179C32C72A97D00DABCF7 /* UIView+.swift */; };
/* End PBXBuildFile section */

/* Begin PBXContainerItemProxy section */
		EC23389D2C6FC90B00BEA0F8 /* PBXContainerItemProxy */ = {
			isa = PBXContainerItemProxy;
			containerPortal = EC23387E2C6FC90A00BEA0F8 /* Project object */;
			proxyType = 1;
			remoteGlobalIDString = EC2338852C6FC90A00BEA0F8;
			remoteInfo = "pdfv-digio-ios-app";
		};
		EC2338A72C6FC90B00BEA0F8 /* PBXContainerItemProxy */ = {
			isa = PBXContainerItemProxy;
			containerPortal = EC23387E2C6FC90A00BEA0F8 /* Project object */;
			proxyType = 1;
			remoteGlobalIDString = EC2338852C6FC90A00BEA0F8;
			remoteInfo = "pdfv-digio-ios-app";
		};
/* End PBXContainerItemProxy section */

/* Begin PBXFileReference section */
		EC2338862C6FC90A00BEA0F8 /* pdfv-digio-ios-app.app */ = {isa = PBXFileReference; explicitFileType = wrapper.application; includeInIndex = 0; path = "pdfv-digio-ios-app.app"; sourceTree = BUILT_PRODUCTS_DIR; };
		EC2338892C6FC90A00BEA0F8 /* AppDelegate.swift */ = {isa = PBXFileReference; lastKnownFileType = sourcecode.swift; path = AppDelegate.swift; sourceTree = "<group>"; };
		EC2338922C6FC90A00BEA0F8 /* Assets.xcassets */ = {isa = PBXFileReference; lastKnownFileType = folder.assetcatalog; path = Assets.xcassets; sourceTree = "<group>"; };
		EC2338972C6FC90A00BEA0F8 /* Info.plist */ = {isa = PBXFileReference; lastKnownFileType = text.plist.xml; path = Info.plist; sourceTree = "<group>"; };
		EC23389C2C6FC90B00BEA0F8 /* pdfv-digio-ios-appTests.xctest */ = {isa = PBXFileReference; explicitFileType = wrapper.cfbundle; includeInIndex = 0; path = "pdfv-digio-ios-appTests.xctest"; sourceTree = BUILT_PRODUCTS_DIR; };
		EC2338A62C6FC90B00BEA0F8 /* pdfv-digio-ios-appUITests.xctest */ = {isa = PBXFileReference; explicitFileType = wrapper.cfbundle; includeInIndex = 0; path = "pdfv-digio-ios-appUITests.xctest"; sourceTree = BUILT_PRODUCTS_DIR; };
		EC2338AA2C6FC90B00BEA0F8 /* pdfv_digio_ios_appUITests.swift */ = {isa = PBXFileReference; lastKnownFileType = sourcecode.swift; path = pdfv_digio_ios_appUITests.swift; sourceTree = "<group>"; };
		EC2338AC2C6FC90B00BEA0F8 /* pdfv_digio_ios_appUITestsLaunchTests.swift */ = {isa = PBXFileReference; lastKnownFileType = sourcecode.swift; path = pdfv_digio_ios_appUITestsLaunchTests.swift; sourceTree = "<group>"; };
		EC2338BE2C6FDF1B00BEA0F8 /* HomeViewController.swift */ = {isa = PBXFileReference; lastKnownFileType = sourcecode.swift; path = HomeViewController.swift; sourceTree = "<group>"; };
		EC2338C22C6FE52D00BEA0F8 /* ViewCodable.swift */ = {isa = PBXFileReference; lastKnownFileType = sourcecode.swift; path = ViewCodable.swift; sourceTree = "<group>"; };
		EC2338C52C6FE81700BEA0F8 /* HomeHeaderView.swift */ = {isa = PBXFileReference; lastKnownFileType = sourcecode.swift; path = HomeHeaderView.swift; sourceTree = "<group>"; };
		EC2338C72C6FEADE00BEA0F8 /* UIView+Constraints.swift */ = {isa = PBXFileReference; lastKnownFileType = sourcecode.swift; path = "UIView+Constraints.swift"; sourceTree = "<group>"; };
		EC23D6962C7324C500AB15D1 /* UnitTestsPlan.xctestplan */ = {isa = PBXFileReference; lastKnownFileType = text; path = UnitTestsPlan.xctestplan; sourceTree = "<group>"; };
		EC90ADD72C72AFFF00B3E728 /* HomeProductsView.swift */ = {isa = PBXFileReference; lastKnownFileType = sourcecode.swift; path = HomeProductsView.swift; sourceTree = "<group>"; };
		EC90ADDA2C72D65100B3E728 /* DetailViewController.swift */ = {isa = PBXFileReference; lastKnownFileType = sourcecode.swift; path = DetailViewController.swift; sourceTree = "<group>"; };
		EC90ADDC2C73000A00B3E728 /* UIImageView+.swift */ = {isa = PBXFileReference; lastKnownFileType = sourcecode.swift; path = "UIImageView+.swift"; sourceTree = "<group>"; };
		EC90ADDE2C73015800B3E728 /* BannerProtocol.swift */ = {isa = PBXFileReference; lastKnownFileType = sourcecode.swift; path = BannerProtocol.swift; sourceTree = "<group>"; };
		EC90ADE02C7301E800B3E728 /* HomePresenterTests.swift */ = {isa = PBXFileReference; lastKnownFileType = sourcecode.swift; path = HomePresenterTests.swift; sourceTree = "<group>"; };
		EC90ADE32C73024200B3E728 /* HomeServiceMock.swift */ = {isa = PBXFileReference; lastKnownFileType = sourcecode.swift; path = HomeServiceMock.swift; sourceTree = "<group>"; };
		EC90ADE52C73032F00B3E728 /* HomeModel+.swift */ = {isa = PBXFileReference; lastKnownFileType = sourcecode.swift; path = "HomeModel+.swift"; sourceTree = "<group>"; };
		EC90ADE72C73039300B3E728 /* HomeProductsDTO+.swift */ = {isa = PBXFileReference; lastKnownFileType = sourcecode.swift; path = "HomeProductsDTO+.swift"; sourceTree = "<group>"; };
		EC90ADEA2C73059800B3E728 /* HomeViewControllerMock.swift */ = {isa = PBXFileReference; lastKnownFileType = sourcecode.swift; path = HomeViewControllerMock.swift; sourceTree = "<group>"; };
		ECB1799E2C706AAB00DABCF7 /* HomeSpotlightCell.swift */ = {isa = PBXFileReference; lastKnownFileType = sourcecode.swift; path = HomeSpotlightCell.swift; sourceTree = "<group>"; };
		ECB179A02C718BC500DABCF7 /* HomeDigioCashView.swift */ = {isa = PBXFileReference; lastKnownFileType = sourcecode.swift; path = HomeDigioCashView.swift; sourceTree = "<group>"; };
		ECB179A22C71950600DABCF7 /* HomePresenter.swift */ = {isa = PBXFileReference; lastKnownFileType = sourcecode.swift; path = HomePresenter.swift; sourceTree = "<group>"; };
		ECB179A42C71B2F400DABCF7 /* HomeService.swift */ = {isa = PBXFileReference; lastKnownFileType = sourcecode.swift; path = HomeService.swift; sourceTree = "<group>"; };
		ECB179A82C71B3C600DABCF7 /* HomeProductsDTO.swift */ = {isa = PBXFileReference; lastKnownFileType = sourcecode.swift; path = HomeProductsDTO.swift; sourceTree = "<group>"; };
		ECB179AD2C71B95A00DABCF7 /* LoadingViewController.swift */ = {isa = PBXFileReference; lastKnownFileType = sourcecode.swift; path = LoadingViewController.swift; sourceTree = "<group>"; };
		ECB179B62C71BDC300DABCF7 /* HomeModel.swift */ = {isa = PBXFileReference; lastKnownFileType = sourcecode.swift; path = HomeModel.swift; sourceTree = "<group>"; };
		ECB179B82C71CA3200DABCF7 /* NetworkClient.swift */ = {isa = PBXFileReference; lastKnownFileType = sourcecode.swift; path = NetworkClient.swift; sourceTree = "<group>"; };
		ECB179BC2C7294C800DABCF7 /* UIImage+.swift */ = {isa = PBXFileReference; lastKnownFileType = sourcecode.swift; path = "UIImage+.swift"; sourceTree = "<group>"; };
		ECB179BE2C7299FE00DABCF7 /* HomeCollectionView.swift */ = {isa = PBXFileReference; lastKnownFileType = sourcecode.swift; path = HomeCollectionView.swift; sourceTree = "<group>"; };
		ECB179C12C729DCA00DABCF7 /* HomeProductsCell.swift */ = {isa = PBXFileReference; lastKnownFileType = sourcecode.swift; path = HomeProductsCell.swift; sourceTree = "<group>"; };
		ECB179C32C72A97D00DABCF7 /* UIView+.swift */ = {isa = PBXFileReference; lastKnownFileType = sourcecode.swift; path = "UIView+.swift"; sourceTree = "<group>"; };
/* End PBXFileReference section */

/* Begin PBXFrameworksBuildPhase section */
		EC2338832C6FC90A00BEA0F8 /* Frameworks */ = {
			isa = PBXFrameworksBuildPhase;
			buildActionMask = 2147483647;
			files = (
			);
			runOnlyForDeploymentPostprocessing = 0;
		};
		EC2338992C6FC90B00BEA0F8 /* Frameworks */ = {
			isa = PBXFrameworksBuildPhase;
			buildActionMask = 2147483647;
			files = (
			);
			runOnlyForDeploymentPostprocessing = 0;
		};
		EC2338A32C6FC90B00BEA0F8 /* Frameworks */ = {
			isa = PBXFrameworksBuildPhase;
			buildActionMask = 2147483647;
			files = (
			);
			runOnlyForDeploymentPostprocessing = 0;
		};
/* End PBXFrameworksBuildPhase section */

/* Begin PBXGroup section */
		EC23387D2C6FC90A00BEA0F8 = {
			isa = PBXGroup;
			children = (
				EC2338882C6FC90A00BEA0F8 /* pdfv-digio-ios-app */,
				EC23389F2C6FC90B00BEA0F8 /* pdfv-digio-ios-appTests */,
				EC2338A92C6FC90B00BEA0F8 /* pdfv-digio-ios-appUITests */,
				EC2338872C6FC90A00BEA0F8 /* Products */,
			);
			sourceTree = "<group>";
		};
		EC2338872C6FC90A00BEA0F8 /* Products */ = {
			isa = PBXGroup;
			children = (
				EC2338862C6FC90A00BEA0F8 /* pdfv-digio-ios-app.app */,
				EC23389C2C6FC90B00BEA0F8 /* pdfv-digio-ios-appTests.xctest */,
				EC2338A62C6FC90B00BEA0F8 /* pdfv-digio-ios-appUITests.xctest */,
			);
			name = Products;
			sourceTree = "<group>";
		};
		EC2338882C6FC90A00BEA0F8 /* pdfv-digio-ios-app */ = {
			isa = PBXGroup;
			children = (
				EC2338892C6FC90A00BEA0F8 /* AppDelegate.swift */,
				ECB179AA2C71B8C500DABCF7 /* Sources */,
				EC2338C02C6FE48B00BEA0F8 /* Resources */,
			);
			path = "pdfv-digio-ios-app";
			sourceTree = "<group>";
		};
		EC23389F2C6FC90B00BEA0F8 /* pdfv-digio-ios-appTests */ = {
			isa = PBXGroup;
			children = (
				EC90ADE02C7301E800B3E728 /* HomePresenterTests.swift */,
				EC90ADE22C73023500B3E728 /* Mocks */,
			);
			path = "pdfv-digio-ios-appTests";
			sourceTree = "<group>";
		};
		EC2338A92C6FC90B00BEA0F8 /* pdfv-digio-ios-appUITests */ = {
			isa = PBXGroup;
			children = (
				EC2338AA2C6FC90B00BEA0F8 /* pdfv_digio_ios_appUITests.swift */,
				EC2338AC2C6FC90B00BEA0F8 /* pdfv_digio_ios_appUITestsLaunchTests.swift */,
			);
			path = "pdfv-digio-ios-appUITests";
			sourceTree = "<group>";
		};
		EC2338BC2C6FDEE400BEA0F8 /* Features */ = {
			isa = PBXGroup;
			children = (
				EC90ADD92C72D62E00B3E728 /* Detail */,
				EC2338BD2C6FDEF500BEA0F8 /* Home */,
			);
			path = Features;
			sourceTree = "<group>";
		};
		EC2338BD2C6FDEF500BEA0F8 /* Home */ = {
			isa = PBXGroup;
			children = (
				EC2338BE2C6FDF1B00BEA0F8 /* HomeViewController.swift */,
				ECB179B62C71BDC300DABCF7 /* HomeModel.swift */,
				ECB179A22C71950600DABCF7 /* HomePresenter.swift */,
				ECB179A62C71B36300DABCF7 /* Service */,
				EC2338C42C6FE7D100BEA0F8 /* Components */,
			);
			path = Home;
			sourceTree = "<group>";
		};
		EC2338C02C6FE48B00BEA0F8 /* Resources */ = {
			isa = PBXGroup;
			children = (
				EC23D6962C7324C500AB15D1 /* UnitTestsPlan.xctestplan */,
				EC2338922C6FC90A00BEA0F8 /* Assets.xcassets */,
				EC2338972C6FC90A00BEA0F8 /* Info.plist */,
			);
			path = Resources;
			sourceTree = "<group>";
		};
		EC2338C12C6FE4F000BEA0F8 /* View Code Files */ = {
			isa = PBXGroup;
			children = (
				EC2338C22C6FE52D00BEA0F8 /* ViewCodable.swift */,
				EC2338C72C6FEADE00BEA0F8 /* UIView+Constraints.swift */,
			);
			path = "View Code Files";
			sourceTree = "<group>";
		};
		EC2338C42C6FE7D100BEA0F8 /* Components */ = {
			isa = PBXGroup;
			children = (
				EC90ADDE2C73015800B3E728 /* BannerProtocol.swift */,
				ECB179BE2C7299FE00DABCF7 /* HomeCollectionView.swift */,
				ECB179A02C718BC500DABCF7 /* HomeDigioCashView.swift */,
				EC2338C52C6FE81700BEA0F8 /* HomeHeaderView.swift */,
				EC90ADD72C72AFFF00B3E728 /* HomeProductsView.swift */,
				ECB179C02C729D9200DABCF7 /* Cells */,
			);
			path = Components;
			sourceTree = "<group>";
		};
		EC90ADD92C72D62E00B3E728 /* Detail */ = {
			isa = PBXGroup;
			children = (
				EC90ADDA2C72D65100B3E728 /* DetailViewController.swift */,
			);
			path = Detail;
			sourceTree = "<group>";
		};
		EC90ADE22C73023500B3E728 /* Mocks */ = {
			isa = PBXGroup;
			children = (
				EC90ADE32C73024200B3E728 /* HomeServiceMock.swift */,
				EC90ADEA2C73059800B3E728 /* HomeViewControllerMock.swift */,
				EC90ADE92C7303AB00B3E728 /* Models & DTOs */,
			);
			path = Mocks;
			sourceTree = "<group>";
		};
		EC90ADE92C7303AB00B3E728 /* Models & DTOs */ = {
			isa = PBXGroup;
			children = (
				EC90ADE52C73032F00B3E728 /* HomeModel+.swift */,
				EC90ADE72C73039300B3E728 /* HomeProductsDTO+.swift */,
			);
			path = "Models & DTOs";
			sourceTree = "<group>";
		};
		ECB179A62C71B36300DABCF7 /* Service */ = {
			isa = PBXGroup;
			children = (
				ECB179A42C71B2F400DABCF7 /* HomeService.swift */,
				ECB179A72C71B36C00DABCF7 /* DTOs */,
			);
			path = Service;
			sourceTree = "<group>";
		};
		ECB179A72C71B36C00DABCF7 /* DTOs */ = {
			isa = PBXGroup;
			children = (
				ECB179A82C71B3C600DABCF7 /* HomeProductsDTO.swift */,
			);
			path = DTOs;
			sourceTree = "<group>";
		};
		ECB179AA2C71B8C500DABCF7 /* Sources */ = {
			isa = PBXGroup;
			children = (
				EC2338BC2C6FDEE400BEA0F8 /* Features */,
				ECB179AC2C71B94C00DABCF7 /* Reusable Components */,
				ECB179AB2C71B8CE00DABCF7 /* Utils */,
			);
			path = Sources;
			sourceTree = "<group>";
		};
		ECB179AB2C71B8CE00DABCF7 /* Utils */ = {
			isa = PBXGroup;
			children = (
				ECB179BB2C7294BA00DABCF7 /* Extensions */,
				ECB179BA2C71CA5000DABCF7 /* Network */,
				EC2338C12C6FE4F000BEA0F8 /* View Code Files */,
			);
			path = Utils;
			sourceTree = "<group>";
		};
		ECB179AC2C71B94C00DABCF7 /* Reusable Components */ = {
			isa = PBXGroup;
			children = (
				ECB179AD2C71B95A00DABCF7 /* LoadingViewController.swift */,
			);
			path = "Reusable Components";
			sourceTree = "<group>";
		};
		ECB179BA2C71CA5000DABCF7 /* Network */ = {
			isa = PBXGroup;
			children = (
				ECB179B82C71CA3200DABCF7 /* NetworkClient.swift */,
			);
			path = Network;
			sourceTree = "<group>";
		};
		ECB179BB2C7294BA00DABCF7 /* Extensions */ = {
			isa = PBXGroup;
			children = (
				ECB179BC2C7294C800DABCF7 /* UIImage+.swift */,
				EC90ADDC2C73000A00B3E728 /* UIImageView+.swift */,
				ECB179C32C72A97D00DABCF7 /* UIView+.swift */,
			);
			path = Extensions;
			sourceTree = "<group>";
		};
		ECB179C02C729D9200DABCF7 /* Cells */ = {
			isa = PBXGroup;
			children = (
				ECB1799E2C706AAB00DABCF7 /* HomeSpotlightCell.swift */,
				ECB179C12C729DCA00DABCF7 /* HomeProductsCell.swift */,
			);
			path = Cells;
			sourceTree = "<group>";
		};
/* End PBXGroup section */

/* Begin PBXNativeTarget section */
		EC2338852C6FC90A00BEA0F8 /* pdfv-digio-ios-app */ = {
			isa = PBXNativeTarget;
			buildConfigurationList = EC2338B02C6FC90B00BEA0F8 /* Build configuration list for PBXNativeTarget "pdfv-digio-ios-app" */;
			buildPhases = (
				EC2338822C6FC90A00BEA0F8 /* Sources */,
				EC2338832C6FC90A00BEA0F8 /* Frameworks */,
				EC2338842C6FC90A00BEA0F8 /* Resources */,
			);
			buildRules = (
			);
			dependencies = (
				EC2338BB2C6FCD5C00BEA0F8 /* PBXTargetDependency */,
			);
			name = "pdfv-digio-ios-app";
			productName = "pdfv-digio-ios-app";
			productReference = EC2338862C6FC90A00BEA0F8 /* pdfv-digio-ios-app.app */;
			productType = "com.apple.product-type.application";
		};
		EC23389B2C6FC90B00BEA0F8 /* pdfv-digio-ios-appTests */ = {
			isa = PBXNativeTarget;
			buildConfigurationList = EC2338B32C6FC90B00BEA0F8 /* Build configuration list for PBXNativeTarget "pdfv-digio-ios-appTests" */;
			buildPhases = (
				EC2338982C6FC90B00BEA0F8 /* Sources */,
				EC2338992C6FC90B00BEA0F8 /* Frameworks */,
				EC23389A2C6FC90B00BEA0F8 /* Resources */,
			);
			buildRules = (
			);
			dependencies = (
				EC23389E2C6FC90B00BEA0F8 /* PBXTargetDependency */,
			);
			name = "pdfv-digio-ios-appTests";
			productName = "pdfv-digio-ios-appTests";
			productReference = EC23389C2C6FC90B00BEA0F8 /* pdfv-digio-ios-appTests.xctest */;
			productType = "com.apple.product-type.bundle.unit-test";
		};
		EC2338A52C6FC90B00BEA0F8 /* pdfv-digio-ios-appUITests */ = {
			isa = PBXNativeTarget;
			buildConfigurationList = EC2338B62C6FC90B00BEA0F8 /* Build configuration list for PBXNativeTarget "pdfv-digio-ios-appUITests" */;
			buildPhases = (
				EC2338A22C6FC90B00BEA0F8 /* Sources */,
				EC2338A32C6FC90B00BEA0F8 /* Frameworks */,
				EC2338A42C6FC90B00BEA0F8 /* Resources */,
			);
			buildRules = (
			);
			dependencies = (
				EC2338A82C6FC90B00BEA0F8 /* PBXTargetDependency */,
			);
			name = "pdfv-digio-ios-appUITests";
			productName = "pdfv-digio-ios-appUITests";
			productReference = EC2338A62C6FC90B00BEA0F8 /* pdfv-digio-ios-appUITests.xctest */;
			productType = "com.apple.product-type.bundle.ui-testing";
		};
/* End PBXNativeTarget section */

/* Begin PBXProject section */
		EC23387E2C6FC90A00BEA0F8 /* Project object */ = {
			isa = PBXProject;
			attributes = {
				BuildIndependentTargetsInParallel = 1;
				LastSwiftUpdateCheck = 1540;
				LastUpgradeCheck = 1540;
				TargetAttributes = {
					EC2338852C6FC90A00BEA0F8 = {
						CreatedOnToolsVersion = 15.4;
					};
					EC23389B2C6FC90B00BEA0F8 = {
						CreatedOnToolsVersion = 15.4;
						LastSwiftMigration = 1540;
						TestTargetID = EC2338852C6FC90A00BEA0F8;
					};
					EC2338A52C6FC90B00BEA0F8 = {
						CreatedOnToolsVersion = 15.4;
						TestTargetID = EC2338852C6FC90A00BEA0F8;
					};
				};
			};
			buildConfigurationList = EC2338812C6FC90A00BEA0F8 /* Build configuration list for PBXProject "pdfv-digio-ios-app" */;
			compatibilityVersion = "Xcode 14.0";
			developmentRegion = en;
			hasScannedForEncodings = 0;
			knownRegions = (
				en,
				Base,
			);
			mainGroup = EC23387D2C6FC90A00BEA0F8;
			packageReferences = (
				EC2338B92C6FCCCF00BEA0F8 /* XCRemoteSwiftPackageReference "SwiftLintPlugins" */,
			);
			productRefGroup = EC2338872C6FC90A00BEA0F8 /* Products */;
			projectDirPath = "";
			projectRoot = "";
			targets = (
				EC2338852C6FC90A00BEA0F8 /* pdfv-digio-ios-app */,
				EC23389B2C6FC90B00BEA0F8 /* pdfv-digio-ios-appTests */,
				EC2338A52C6FC90B00BEA0F8 /* pdfv-digio-ios-appUITests */,
			);
		};
/* End PBXProject section */

/* Begin PBXResourcesBuildPhase section */
		EC2338842C6FC90A00BEA0F8 /* Resources */ = {
			isa = PBXResourcesBuildPhase;
			buildActionMask = 2147483647;
			files = (
				EC2338932C6FC90A00BEA0F8 /* Assets.xcassets in Resources */,
			);
			runOnlyForDeploymentPostprocessing = 0;
		};
		EC23389A2C6FC90B00BEA0F8 /* Resources */ = {
			isa = PBXResourcesBuildPhase;
			buildActionMask = 2147483647;
			files = (
			);
			runOnlyForDeploymentPostprocessing = 0;
		};
		EC2338A42C6FC90B00BEA0F8 /* Resources */ = {
			isa = PBXResourcesBuildPhase;
			buildActionMask = 2147483647;
			files = (
			);
			runOnlyForDeploymentPostprocessing = 0;
		};
/* End PBXResourcesBuildPhase section */

/* Begin PBXSourcesBuildPhase section */
		EC2338822C6FC90A00BEA0F8 /* Sources */ = {
			isa = PBXSourcesBuildPhase;
			buildActionMask = 2147483647;
			files = (
				ECB179A92C71B3C600DABCF7 /* HomeProductsDTO.swift in Sources */,
				EC2338C62C6FE81700BEA0F8 /* HomeHeaderView.swift in Sources */,
				ECB179A32C71950600DABCF7 /* HomePresenter.swift in Sources */,
				EC90ADD82C72AFFF00B3E728 /* HomeProductsView.swift in Sources */,
				EC90ADDD2C73000A00B3E728 /* UIImageView+.swift in Sources */,
				ECB179C22C729DCA00DABCF7 /* HomeProductsCell.swift in Sources */,
				ECB179BF2C7299FE00DABCF7 /* HomeCollectionView.swift in Sources */,
				ECB179A12C718BC500DABCF7 /* HomeDigioCashView.swift in Sources */,
				EC23388A2C6FC90A00BEA0F8 /* AppDelegate.swift in Sources */,
				ECB179AE2C71B95B00DABCF7 /* LoadingViewController.swift in Sources */,
				ECB179B72C71BDC300DABCF7 /* HomeModel.swift in Sources */,
				EC90ADDB2C72D65100B3E728 /* DetailViewController.swift in Sources */,
				EC90ADDF2C73015800B3E728 /* BannerProtocol.swift in Sources */,
				ECB179C42C72A97D00DABCF7 /* UIView+.swift in Sources */,
				ECB179A52C71B2F400DABCF7 /* HomeService.swift in Sources */,
				EC2338C82C6FEADE00BEA0F8 /* UIView+Constraints.swift in Sources */,
				ECB1799F2C706AAB00DABCF7 /* HomeSpotlightCell.swift in Sources */,
				ECB179B92C71CA3200DABCF7 /* NetworkClient.swift in Sources */,
				EC2338BF2C6FDF1B00BEA0F8 /* HomeViewController.swift in Sources */,
				ECB179BD2C7294C800DABCF7 /* UIImage+.swift in Sources */,
				EC2338C32C6FE52D00BEA0F8 /* ViewCodable.swift in Sources */,
			);
			runOnlyForDeploymentPostprocessing = 0;
		};
		EC2338982C6FC90B00BEA0F8 /* Sources */ = {
			isa = PBXSourcesBuildPhase;
			buildActionMask = 2147483647;
			files = (
				EC90ADEB2C73059800B3E728 /* HomeViewControllerMock.swift in Sources */,
				EC90ADE82C73039300B3E728 /* HomeProductsDTO+.swift in Sources */,
				EC90ADE62C73032F00B3E728 /* HomeModel+.swift in Sources */,
				EC90ADE42C73024200B3E728 /* HomeServiceMock.swift in Sources */,
				EC90ADE12C7301E800B3E728 /* HomePresenterTests.swift in Sources */,
			);
			runOnlyForDeploymentPostprocessing = 0;
		};
		EC2338A22C6FC90B00BEA0F8 /* Sources */ = {
			isa = PBXSourcesBuildPhase;
			buildActionMask = 2147483647;
			files = (
				EC2338AB2C6FC90B00BEA0F8 /* pdfv_digio_ios_appUITests.swift in Sources */,
				EC2338AD2C6FC90B00BEA0F8 /* pdfv_digio_ios_appUITestsLaunchTests.swift in Sources */,
			);
			runOnlyForDeploymentPostprocessing = 0;
		};
/* End PBXSourcesBuildPhase section */

/* Begin PBXTargetDependency section */
		EC23389E2C6FC90B00BEA0F8 /* PBXTargetDependency */ = {
			isa = PBXTargetDependency;
			target = EC2338852C6FC90A00BEA0F8 /* pdfv-digio-ios-app */;
			targetProxy = EC23389D2C6FC90B00BEA0F8 /* PBXContainerItemProxy */;
		};
		EC2338A82C6FC90B00BEA0F8 /* PBXTargetDependency */ = {
			isa = PBXTargetDependency;
			target = EC2338852C6FC90A00BEA0F8 /* pdfv-digio-ios-app */;
			targetProxy = EC2338A72C6FC90B00BEA0F8 /* PBXContainerItemProxy */;
		};
		EC2338BB2C6FCD5C00BEA0F8 /* PBXTargetDependency */ = {
			isa = PBXTargetDependency;
			productRef = EC2338BA2C6FCD5C00BEA0F8 /* SwiftLintBuildToolPlugin */;
		};
/* End PBXTargetDependency section */

/* Begin XCBuildConfiguration section */
		EC2338AE2C6FC90B00BEA0F8 /* Debug */ = {
			isa = XCBuildConfiguration;
			buildSettings = {
				ALWAYS_SEARCH_USER_PATHS = NO;
				ASSETCATALOG_COMPILER_GENERATE_SWIFT_ASSET_SYMBOL_EXTENSIONS = YES;
				CLANG_ANALYZER_NONNULL = YES;
				CLANG_ANALYZER_NUMBER_OBJECT_CONVERSION = YES_AGGRESSIVE;
				CLANG_CXX_LANGUAGE_STANDARD = "gnu++20";
				CLANG_ENABLE_MODULES = YES;
				CLANG_ENABLE_OBJC_ARC = YES;
				CLANG_ENABLE_OBJC_WEAK = YES;
				CLANG_WARN_BLOCK_CAPTURE_AUTORELEASING = YES;
				CLANG_WARN_BOOL_CONVERSION = YES;
				CLANG_WARN_COMMA = YES;
				CLANG_WARN_CONSTANT_CONVERSION = YES;
				CLANG_WARN_DEPRECATED_OBJC_IMPLEMENTATIONS = YES;
				CLANG_WARN_DIRECT_OBJC_ISA_USAGE = YES_ERROR;
				CLANG_WARN_DOCUMENTATION_COMMENTS = YES;
				CLANG_WARN_EMPTY_BODY = YES;
				CLANG_WARN_ENUM_CONVERSION = YES;
				CLANG_WARN_INFINITE_RECURSION = YES;
				CLANG_WARN_INT_CONVERSION = YES;
				CLANG_WARN_NON_LITERAL_NULL_CONVERSION = YES;
				CLANG_WARN_OBJC_IMPLICIT_RETAIN_SELF = YES;
				CLANG_WARN_OBJC_LITERAL_CONVERSION = YES;
				CLANG_WARN_OBJC_ROOT_CLASS = YES_ERROR;
				CLANG_WARN_QUOTED_INCLUDE_IN_FRAMEWORK_HEADER = YES;
				CLANG_WARN_RANGE_LOOP_ANALYSIS = YES;
				CLANG_WARN_STRICT_PROTOTYPES = YES;
				CLANG_WARN_SUSPICIOUS_MOVE = YES;
				CLANG_WARN_UNGUARDED_AVAILABILITY = YES_AGGRESSIVE;
				CLANG_WARN_UNREACHABLE_CODE = YES;
				CLANG_WARN__DUPLICATE_METHOD_MATCH = YES;
				COPY_PHASE_STRIP = NO;
				DEBUG_INFORMATION_FORMAT = dwarf;
				ENABLE_STRICT_OBJC_MSGSEND = YES;
				ENABLE_TESTABILITY = YES;
				ENABLE_USER_SCRIPT_SANDBOXING = YES;
				GCC_C_LANGUAGE_STANDARD = gnu17;
				GCC_DYNAMIC_NO_PIC = NO;
				GCC_NO_COMMON_BLOCKS = YES;
				GCC_OPTIMIZATION_LEVEL = 0;
				GCC_PREPROCESSOR_DEFINITIONS = (
					"DEBUG=1",
					"$(inherited)",
				);
				GCC_WARN_64_TO_32_BIT_CONVERSION = YES;
				GCC_WARN_ABOUT_RETURN_TYPE = YES_ERROR;
				GCC_WARN_UNDECLARED_SELECTOR = YES;
				GCC_WARN_UNINITIALIZED_AUTOS = YES_AGGRESSIVE;
				GCC_WARN_UNUSED_FUNCTION = YES;
				GCC_WARN_UNUSED_VARIABLE = YES;
				IPHONEOS_DEPLOYMENT_TARGET = 12.0;
				LOCALIZATION_PREFERS_STRING_CATALOGS = YES;
				MTL_ENABLE_DEBUG_INFO = INCLUDE_SOURCE;
				MTL_FAST_MATH = YES;
				ONLY_ACTIVE_ARCH = YES;
				SDKROOT = iphoneos;
				SWIFT_ACTIVE_COMPILATION_CONDITIONS = "DEBUG $(inherited)";
				SWIFT_OPTIMIZATION_LEVEL = "-Onone";
			};
			name = Debug;
		};
		EC2338AF2C6FC90B00BEA0F8 /* Release */ = {
			isa = XCBuildConfiguration;
			buildSettings = {
				ALWAYS_SEARCH_USER_PATHS = NO;
				ASSETCATALOG_COMPILER_GENERATE_SWIFT_ASSET_SYMBOL_EXTENSIONS = YES;
				CLANG_ANALYZER_NONNULL = YES;
				CLANG_ANALYZER_NUMBER_OBJECT_CONVERSION = YES_AGGRESSIVE;
				CLANG_CXX_LANGUAGE_STANDARD = "gnu++20";
				CLANG_ENABLE_MODULES = YES;
				CLANG_ENABLE_OBJC_ARC = YES;
				CLANG_ENABLE_OBJC_WEAK = YES;
				CLANG_WARN_BLOCK_CAPTURE_AUTORELEASING = YES;
				CLANG_WARN_BOOL_CONVERSION = YES;
				CLANG_WARN_COMMA = YES;
				CLANG_WARN_CONSTANT_CONVERSION = YES;
				CLANG_WARN_DEPRECATED_OBJC_IMPLEMENTATIONS = YES;
				CLANG_WARN_DIRECT_OBJC_ISA_USAGE = YES_ERROR;
				CLANG_WARN_DOCUMENTATION_COMMENTS = YES;
				CLANG_WARN_EMPTY_BODY = YES;
				CLANG_WARN_ENUM_CONVERSION = YES;
				CLANG_WARN_INFINITE_RECURSION = YES;
				CLANG_WARN_INT_CONVERSION = YES;
				CLANG_WARN_NON_LITERAL_NULL_CONVERSION = YES;
				CLANG_WARN_OBJC_IMPLICIT_RETAIN_SELF = YES;
				CLANG_WARN_OBJC_LITERAL_CONVERSION = YES;
				CLANG_WARN_OBJC_ROOT_CLASS = YES_ERROR;
				CLANG_WARN_QUOTED_INCLUDE_IN_FRAMEWORK_HEADER = YES;
				CLANG_WARN_RANGE_LOOP_ANALYSIS = YES;
				CLANG_WARN_STRICT_PROTOTYPES = YES;
				CLANG_WARN_SUSPICIOUS_MOVE = YES;
				CLANG_WARN_UNGUARDED_AVAILABILITY = YES_AGGRESSIVE;
				CLANG_WARN_UNREACHABLE_CODE = YES;
				CLANG_WARN__DUPLICATE_METHOD_MATCH = YES;
				COPY_PHASE_STRIP = NO;
				DEBUG_INFORMATION_FORMAT = "dwarf-with-dsym";
				ENABLE_NS_ASSERTIONS = NO;
				ENABLE_STRICT_OBJC_MSGSEND = YES;
				ENABLE_USER_SCRIPT_SANDBOXING = YES;
				GCC_C_LANGUAGE_STANDARD = gnu17;
				GCC_NO_COMMON_BLOCKS = YES;
				GCC_WARN_64_TO_32_BIT_CONVERSION = YES;
				GCC_WARN_ABOUT_RETURN_TYPE = YES_ERROR;
				GCC_WARN_UNDECLARED_SELECTOR = YES;
				GCC_WARN_UNINITIALIZED_AUTOS = YES_AGGRESSIVE;
				GCC_WARN_UNUSED_FUNCTION = YES;
				GCC_WARN_UNUSED_VARIABLE = YES;
				IPHONEOS_DEPLOYMENT_TARGET = 12.0;
				LOCALIZATION_PREFERS_STRING_CATALOGS = YES;
				MTL_ENABLE_DEBUG_INFO = NO;
				MTL_FAST_MATH = YES;
				SDKROOT = iphoneos;
				SWIFT_COMPILATION_MODE = wholemodule;
				VALIDATE_PRODUCT = YES;
			};
			name = Release;
		};
		EC2338B12C6FC90B00BEA0F8 /* Debug */ = {
			isa = XCBuildConfiguration;
			buildSettings = {
				ASSETCATALOG_COMPILER_APPICON_NAME = AppIcon;
				ASSETCATALOG_COMPILER_GLOBAL_ACCENT_COLOR_NAME = AccentColor;
				CODE_SIGN_STYLE = Automatic;
				CURRENT_PROJECT_VERSION = 1;
				DEVELOPMENT_TEAM = 5XNN7BLCMG;
				GENERATE_INFOPLIST_FILE = YES;
				INFOPLIST_FILE = "pdfv-digio-ios-app/Resources/Info.plist";
				INFOPLIST_KEY_UIApplicationSupportsIndirectInputEvents = YES;
				INFOPLIST_KEY_UISupportedInterfaceOrientations = UIInterfaceOrientationPortrait;
				IPHONEOS_DEPLOYMENT_TARGET = 12.0;
				LD_RUNPATH_SEARCH_PATHS = (
					"$(inherited)",
					"@executable_path/Frameworks",
				);
				MARKETING_VERSION = 1.0;
				PRODUCT_BUNDLE_IDENTIFIER = "com.pedrofveloso.pdfv-digio-ios-app";
				PRODUCT_NAME = "$(TARGET_NAME)";
				SWIFT_EMIT_LOC_STRINGS = YES;
				SWIFT_VERSION = 4.2;
				TARGETED_DEVICE_FAMILY = "1,2";
			};
			name = Debug;
		};
		EC2338B22C6FC90B00BEA0F8 /* Release */ = {
			isa = XCBuildConfiguration;
			buildSettings = {
				ASSETCATALOG_COMPILER_APPICON_NAME = AppIcon;
				ASSETCATALOG_COMPILER_GLOBAL_ACCENT_COLOR_NAME = AccentColor;
				CODE_SIGN_STYLE = Automatic;
				CURRENT_PROJECT_VERSION = 1;
				DEVELOPMENT_TEAM = 5XNN7BLCMG;
				GENERATE_INFOPLIST_FILE = YES;
				INFOPLIST_FILE = "pdfv-digio-ios-app/Resources/Info.plist";
				INFOPLIST_KEY_UIApplicationSupportsIndirectInputEvents = YES;
				INFOPLIST_KEY_UISupportedInterfaceOrientations = UIInterfaceOrientationPortrait;
				IPHONEOS_DEPLOYMENT_TARGET = 12.0;
				LD_RUNPATH_SEARCH_PATHS = (
					"$(inherited)",
					"@executable_path/Frameworks",
				);
				MARKETING_VERSION = 1.0;
				PRODUCT_BUNDLE_IDENTIFIER = "com.pedrofveloso.pdfv-digio-ios-app";
				PRODUCT_NAME = "$(TARGET_NAME)";
				SWIFT_EMIT_LOC_STRINGS = YES;
				SWIFT_VERSION = 4.2;
				TARGETED_DEVICE_FAMILY = "1,2";
			};
			name = Release;
		};
		EC2338B42C6FC90B00BEA0F8 /* Debug */ = {
			isa = XCBuildConfiguration;
			buildSettings = {
				ALWAYS_EMBED_SWIFT_STANDARD_LIBRARIES = YES;
				BUNDLE_LOADER = "$(TEST_HOST)";
				CLANG_ENABLE_MODULES = YES;
				CODE_SIGN_STYLE = Automatic;
				CURRENT_PROJECT_VERSION = 1;
				DEVELOPMENT_TEAM = 5XNN7BLCMG;
				GENERATE_INFOPLIST_FILE = YES;
				IPHONEOS_DEPLOYMENT_TARGET = 12.0;
				MARKETING_VERSION = 1.0;
				PRODUCT_BUNDLE_IDENTIFIER = "com.pedrofveloso.pdfv-digio-ios-appTests";
				PRODUCT_NAME = "$(TARGET_NAME)";
				SWIFT_EMIT_LOC_STRINGS = NO;
				SWIFT_OPTIMIZATION_LEVEL = "-Onone";
				SWIFT_VERSION = 4.2;
				TARGETED_DEVICE_FAMILY = "1,2";
				TEST_HOST = "$(BUILT_PRODUCTS_DIR)/pdfv-digio-ios-app.app/$(BUNDLE_EXECUTABLE_FOLDER_PATH)/pdfv-digio-ios-app";
			};
			name = Debug;
		};
		EC2338B52C6FC90B00BEA0F8 /* Release */ = {
			isa = XCBuildConfiguration;
			buildSettings = {
				ALWAYS_EMBED_SWIFT_STANDARD_LIBRARIES = YES;
				BUNDLE_LOADER = "$(TEST_HOST)";
				CLANG_ENABLE_MODULES = YES;
				CODE_SIGN_STYLE = Automatic;
				CURRENT_PROJECT_VERSION = 1;
				DEVELOPMENT_TEAM = 5XNN7BLCMG;
				GENERATE_INFOPLIST_FILE = YES;
				IPHONEOS_DEPLOYMENT_TARGET = 12.0;
				MARKETING_VERSION = 1.0;
				PRODUCT_BUNDLE_IDENTIFIER = "com.pedrofveloso.pdfv-digio-ios-appTests";
				PRODUCT_NAME = "$(TARGET_NAME)";
				SWIFT_EMIT_LOC_STRINGS = NO;
				SWIFT_VERSION = 4.2;
				TARGETED_DEVICE_FAMILY = "1,2";
				TEST_HOST = "$(BUILT_PRODUCTS_DIR)/pdfv-digio-ios-app.app/$(BUNDLE_EXECUTABLE_FOLDER_PATH)/pdfv-digio-ios-app";
			};
			name = Release;
		};
		EC2338B72C6FC90B00BEA0F8 /* Debug */ = {
			isa = XCBuildConfiguration;
			buildSettings = {
				ALWAYS_EMBED_SWIFT_STANDARD_LIBRARIES = YES;
				CODE_SIGN_STYLE = Automatic;
				CURRENT_PROJECT_VERSION = 1;
				DEVELOPMENT_TEAM = 5XNN7BLCMG;
				GENERATE_INFOPLIST_FILE = YES;
				MARKETING_VERSION = 1.0;
				PRODUCT_BUNDLE_IDENTIFIER = "com.pedrofveloso.pdfv-digio-ios-appUITests";
				PRODUCT_NAME = "$(TARGET_NAME)";
				SWIFT_EMIT_LOC_STRINGS = NO;
				SWIFT_VERSION = 5.0;
				TARGETED_DEVICE_FAMILY = "1,2";
				TEST_TARGET_NAME = "pdfv-digio-ios-app";
			};
			name = Debug;
		};
		EC2338B82C6FC90B00BEA0F8 /* Release */ = {
			isa = XCBuildConfiguration;
			buildSettings = {
				ALWAYS_EMBED_SWIFT_STANDARD_LIBRARIES = YES;
				CODE_SIGN_STYLE = Automatic;
				CURRENT_PROJECT_VERSION = 1;
				DEVELOPMENT_TEAM = 5XNN7BLCMG;
				GENERATE_INFOPLIST_FILE = YES;
				MARKETING_VERSION = 1.0;
				PRODUCT_BUNDLE_IDENTIFIER = "com.pedrofveloso.pdfv-digio-ios-appUITests";
				PRODUCT_NAME = "$(TARGET_NAME)";
				SWIFT_EMIT_LOC_STRINGS = NO;
				SWIFT_VERSION = 5.0;
				TARGETED_DEVICE_FAMILY = "1,2";
				TEST_TARGET_NAME = "pdfv-digio-ios-app";
			};
			name = Release;
		};
/* End XCBuildConfiguration section */

/* Begin XCConfigurationList section */
		EC2338812C6FC90A00BEA0F8 /* Build configuration list for PBXProject "pdfv-digio-ios-app" */ = {
			isa = XCConfigurationList;
			buildConfigurations = (
				EC2338AE2C6FC90B00BEA0F8 /* Debug */,
				EC2338AF2C6FC90B00BEA0F8 /* Release */,
			);
			defaultConfigurationIsVisible = 0;
			defaultConfigurationName = Release;
		};
		EC2338B02C6FC90B00BEA0F8 /* Build configuration list for PBXNativeTarget "pdfv-digio-ios-app" */ = {
			isa = XCConfigurationList;
			buildConfigurations = (
				EC2338B12C6FC90B00BEA0F8 /* Debug */,
				EC2338B22C6FC90B00BEA0F8 /* Release */,
			);
			defaultConfigurationIsVisible = 0;
			defaultConfigurationName = Release;
		};
		EC2338B32C6FC90B00BEA0F8 /* Build configuration list for PBXNativeTarget "pdfv-digio-ios-appTests" */ = {
			isa = XCConfigurationList;
			buildConfigurations = (
				EC2338B42C6FC90B00BEA0F8 /* Debug */,
				EC2338B52C6FC90B00BEA0F8 /* Release */,
			);
			defaultConfigurationIsVisible = 0;
			defaultConfigurationName = Release;
		};
		EC2338B62C6FC90B00BEA0F8 /* Build configuration list for PBXNativeTarget "pdfv-digio-ios-appUITests" */ = {
			isa = XCConfigurationList;
			buildConfigurations = (
				EC2338B72C6FC90B00BEA0F8 /* Debug */,
				EC2338B82C6FC90B00BEA0F8 /* Release */,
			);
			defaultConfigurationIsVisible = 0;
			defaultConfigurationName = Release;
		};
/* End XCConfigurationList section */

/* Begin XCRemoteSwiftPackageReference section */
		EC2338B92C6FCCCF00BEA0F8 /* XCRemoteSwiftPackageReference "SwiftLintPlugins" */ = {
			isa = XCRemoteSwiftPackageReference;
			repositoryURL = "https://github.com/SimplyDanny/SwiftLintPlugins";
			requirement = {
				kind = upToNextMajorVersion;
				minimumVersion = 0.56.1;
			};
		};
/* End XCRemoteSwiftPackageReference section */

/* Begin XCSwiftPackageProductDependency section */
		EC2338BA2C6FCD5C00BEA0F8 /* SwiftLintBuildToolPlugin */ = {
			isa = XCSwiftPackageProductDependency;
			package = EC2338B92C6FCCCF00BEA0F8 /* XCRemoteSwiftPackageReference "SwiftLintPlugins" */;
			productName = "plugin:SwiftLintBuildToolPlugin";
		};
/* End XCSwiftPackageProductDependency section */
	};
	rootObject = EC23387E2C6FC90A00BEA0F8 /* Project object */;
}
